Microsoft Visual Studio Solution File, Format Version 12.00
# Visual Studio Version 17
VisualStudioVersion = 17.5.2.0
MinimumVisualStudioVersion = 10.0.40219.1
Project("{FAE04EC0-301F-11D3-BF4B-00C04F79EFBC}") = "SurguMailHelperBot", "SurguMailHelperBot.csproj", "{2F0830F7-98E6-76EA-2E3E-A949A2CC6251}"
EndProject
Global
	GlobalSection(SolutionConfigurationPlatforms) = preSolution
		Debug|Any CPU = Debug|Any CPU
		Release|Any CPU = Release|Any CPU
	EndGlobalSection
	GlobalSection(ProjectConfigurationPlatforms) = postSolution
		{2F0830F7-98E6-76EA-2E3E-A949A2CC6251}.Debug|Any CPU.ActiveCfg = Debug|Any CPU
		{2F0830F7-98E6-76EA-2E3E-A949A2CC6251}.Debug|Any CPU.Build.0 = Debug|Any CPU
		{2F0830F7-98E6-76EA-2E3E-A949A2CC6251}.Release|Any CPU.ActiveCfg = Release|Any CPU
		{2F0830F7-98E6-76EA-2E3E-A949A2CC6251}.Release|Any CPU.Build.0 = Release|Any CPU
	EndGlobalSection
	GlobalSection(SolutionProperties) = preSolution
		HideSolutionNode = FALSE
	EndGlobalSection
	GlobalSection(ExtensibilityGlobals) = postSolution
		SolutionGuid = {0E322898-8674-45F0-8BCD-5D47F46A36C2}
	EndGlobalSection
EndGlobal
